
Microsoft Visual Studio Solution File, Format Version 12.00
# Visual Studio 14
VisualStudioVersion = 14.0.22823.1
MinimumVisualStudioVersion = 10.0.40219.1
Project("{FAE04EC0-301F-11D3-BF4B-00C04F79EFBC}") = "ZeldaEngine.Base", "ZeldaEngine.Base\ZeldaEngine.Base.csproj", "{CF09735E-6093-4F65-9BA1-62F1FEAAD7F3}"
EndProject
Project("{2150E333-8FDC-42A3-9474-1A3956D46DE8}") = "Solution Items", "Solution Items", "{8B4B64E9-4BBC-40AE-9247-98ECF7A63FB2}"
	ProjectSection(SolutionItems) = preProject
		CodeMap1.dgml = CodeMap1.dgml
	EndProjectSection
EndProject
Project("{FAE04EC0-301F-11D3-BF4B-00C04F79EFBC}") = "ZeldaEngine.SharpDXTest", "ZeldaEngine.SharpDXTest\ZeldaEngine.SharpDXTest.csproj", "{041218EF-03D2-4A4C-989B-885368EDF610}"
EndProject
Project("{FAE04EC0-301F-11D3-BF4B-00C04F79EFBC}") = "ZeldaEngine.OpenGL", "ZeldaEngine.OpenGL\ZeldaEngine.OpenGL.csproj", "{DEC01693-A38A-4E18-BA1A-3E1C420B0F57}"
EndProject
Project("{FAE04EC0-301F-11D3-BF4B-00C04F79EFBC}") = "ZeldaEngine.SharpDX", "ZeldaEngine.SharpDX\ZeldaEngine.SharpDX.csproj", "{40AB6318-AE57-451C-91FF-4EB3D7E861C2}"
EndProject
Project("{FAE04EC0-301F-11D3-BF4B-00C04F79EFBC}") = "ZeldaEngine.ScriptEngine", "ZeldaEngine.ScriptEngine\ZeldaEngine.ScriptEngine.csproj", "{40667D01-C27E-4711-9CF3-5975D715A9FF}"
EndProject
Project("{FAE04EC0-301F-11D3-BF4B-00C04F79EFBC}") = "ZeldaEngine.Tests", "ZeldaEngine.Tests\ZeldaEngine.Tests.csproj", "{428554BD-D592-49D1-B136-CC0464011BEE}"
EndProject
Global
	GlobalSection(SolutionConfigurationPlatforms) = preSolution
		Debug|Any CPU = Debug|Any CPU
		Debug|Mixed Platforms = Debug|Mixed Platforms
		Debug|Win32 = Debug|Win32
		Debug|x86 = Debug|x86
		Debug-TestScript|Any CPU = Debug-TestScript|Any CPU
		Debug-TestScript|Mixed Platforms = Debug-TestScript|Mixed Platforms
		Debug-TestScript|Win32 = Debug-TestScript|Win32
		Debug-TestScript|x86 = Debug-TestScript|x86
		Release|Any CPU = Release|Any CPU
		Release|Mixed Platforms = Release|Mixed Platforms
		Release|Win32 = Release|Win32
		Release|x86 = Release|x86
	EndGlobalSection
	GlobalSection(ProjectConfigurationPlatforms) = postSolution
		{CF09735E-6093-4F65-9BA1-62F1FEAAD7F3}.Debug|Any CPU.ActiveCfg = Debug|Any CPU
		{CF09735E-6093-4F65-9BA1-62F1FEAAD7F3}.Debug|Any CPU.Build.0 = Debug|Any CPU
		{CF09735E-6093-4F65-9BA1-62F1FEAAD7F3}.Debug|Mixed Platforms.ActiveCfg = Debug|Any CPU
		{CF09735E-6093-4F65-9BA1-62F1FEAAD7F3}.Debug|Mixed Platforms.Build.0 = Debug|Any CPU
		{CF09735E-6093-4F65-9BA1-62F1FEAAD7F3}.Debug|Win32.ActiveCfg = Debug|Any CPU
		{CF09735E-6093-4F65-9BA1-62F1FEAAD7F3}.Debug|x86.ActiveCfg = Debug|Any CPU
		{CF09735E-6093-4F65-9BA1-62F1FEAAD7F3}.Debug-TestScript|Any CPU.ActiveCfg = Debug|Any CPU
		{CF09735E-6093-4F65-9BA1-62F1FEAAD7F3}.Debug-TestScript|Any CPU.Build.0 = Debug|Any CPU
		{CF09735E-6093-4F65-9BA1-62F1FEAAD7F3}.Debug-TestScript|Mixed Platforms.ActiveCfg = Debug|Any CPU
		{CF09735E-6093-4F65-9BA1-62F1FEAAD7F3}.Debug-TestScript|Mixed Platforms.Build.0 = Debug|Any CPU
		{CF09735E-6093-4F65-9BA1-62F1FEAAD7F3}.Debug-TestScript|Win32.ActiveCfg = Debug|Any CPU
		{CF09735E-6093-4F65-9BA1-62F1FEAAD7F3}.Debug-TestScript|x86.ActiveCfg = Debug|Any CPU
		{CF09735E-6093-4F65-9BA1-62F1FEAAD7F3}.Release|Any CPU.ActiveCfg = Release|Any CPU
		{CF09735E-6093-4F65-9BA1-62F1FEAAD7F3}.Release|Any CPU.Build.0 = Release|Any CPU
		{CF09735E-6093-4F65-9BA1-62F1FEAAD7F3}.Release|Mixed Platforms.ActiveCfg = Release|Any CPU
		{CF09735E-6093-4F65-9BA1-62F1FEAAD7F3}.Release|Mixed Platforms.Build.0 = Release|Any CPU
		{CF09735E-6093-4F65-9BA1-62F1FEAAD7F3}.Release|Win32.ActiveCfg = Release|Any CPU
		{CF09735E-6093-4F65-9BA1-62F1FEAAD7F3}.Release|x86.ActiveCfg = Release|Any CPU
		{041218EF-03D2-4A4C-989B-885368EDF610}.Debug|Any CPU.ActiveCfg = Debug|Any CPU
		{041218EF-03D2-4A4C-989B-885368EDF610}.Debug|Any CPU.Build.0 = Debug|Any CPU
		{041218EF-03D2-4A4C-989B-885368EDF610}.Debug|Mixed Platforms.ActiveCfg = Debug|Any CPU
		{041218EF-03D2-4A4C-989B-885368EDF610}.Debug|Mixed Platforms.Build.0 = Debug|Any CPU
		{041218EF-03D2-4A4C-989B-885368EDF610}.Debug|Win32.ActiveCfg = Debug|Any CPU
		{041218EF-03D2-4A4C-989B-885368EDF610}.Debug|x86.ActiveCfg = Debug|Any CPU
		{041218EF-03D2-4A4C-989B-885368EDF610}.Debug-TestScript|Any CPU.ActiveCfg = Debug|Any CPU
		{041218EF-03D2-4A4C-989B-885368EDF610}.Debug-TestScript|Any CPU.Build.0 = Debug|Any CPU
		{041218EF-03D2-4A4C-989B-885368EDF610}.Debug-TestScript|Mixed Platforms.ActiveCfg = Debug|Any CPU
		{041218EF-03D2-4A4C-989B-885368EDF610}.Debug-TestScript|Mixed Platforms.Build.0 = Debug|Any CPU
		{041218EF-03D2-4A4C-989B-885368EDF610}.Debug-TestScript|Win32.ActiveCfg = Debug|Any CPU
		{041218EF-03D2-4A4C-989B-885368EDF610}.Debug-TestScript|x86.ActiveCfg = Debug|Any CPU
		{041218EF-03D2-4A4C-989B-885368EDF610}.Release|Any CPU.ActiveCfg = Release|Any CPU
		{041218EF-03D2-4A4C-989B-885368EDF610}.Release|Any CPU.Build.0 = Release|Any CPU
		{041218EF-03D2-4A4C-989B-885368EDF610}.Release|Mixed Platforms.ActiveCfg = Release|Any CPU
		{041218EF-03D2-4A4C-989B-885368EDF610}.Release|Mixed Platforms.Build.0 = Release|Any CPU
		{041218EF-03D2-4A4C-989B-885368EDF610}.Release|Win32.ActiveCfg = Release|Any CPU
		{041218EF-03D2-4A4C-989B-885368EDF610}.Release|x86.ActiveCfg = Release|Any CPU
		{DEC01693-A38A-4E18-BA1A-3E1C420B0F57}.Debug|Any CPU.ActiveCfg = Debug|Any CPU
		{DEC01693-A38A-4E18-BA1A-3E1C420B0F57}.Debug|Any CPU.Build.0 = Debug|Any CPU
		{DEC01693-A38A-4E18-BA1A-3E1C420B0F57}.Debug|Mixed Platforms.ActiveCfg = Debug|Any CPU
		{DEC01693-A38A-4E18-BA1A-3E1C420B0F57}.Debug|Mixed Platforms.Build.0 = Debug|Any CPU
		{DEC01693-A38A-4E18-BA1A-3E1C420B0F57}.Debug|Win32.ActiveCfg = Debug|Any CPU
		{DEC01693-A38A-4E18-BA1A-3E1C420B0F57}.Debug|Win32.Build.0 = Debug|Any CPU
		{DEC01693-A38A-4E18-BA1A-3E1C420B0F57}.Debug|x86.ActiveCfg = Debug|Any CPU
		{DEC01693-A38A-4E18-BA1A-3E1C420B0F57}.Debug|x86.Build.0 = Debug|Any CPU
		{DEC01693-A38A-4E18-BA1A-3E1C420B0F57}.Debug-TestScript|Any CPU.ActiveCfg = Debug|Any CPU
		{DEC01693-A38A-4E18-BA1A-3E1C420B0F57}.Debug-TestScript|Any CPU.Build.0 = Debug|Any CPU
		{DEC01693-A38A-4E18-BA1A-3E1C420B0F57}.Debug-TestScript|Mixed Platforms.ActiveCfg = Debug|Any CPU
		{DEC01693-A38A-4E18-BA1A-3E1C420B0F57}.Debug-TestScript|Mixed Platforms.Build.0 = Debug|Any CPU
		{DEC01693-A38A-4E18-BA1A-3E1C420B0F57}.Debug-TestScript|Win32.ActiveCfg = Debug|Any CPU
		{DEC01693-A38A-4E18-BA1A-3E1C420B0F57}.Debug-TestScript|Win32.Build.0 = Debug|Any CPU
		{DEC01693-A38A-4E18-BA1A-3E1C420B0F57}.Debug-TestScript|x86.ActiveCfg = Debug|Any CPU
		{DEC01693-A38A-4E18-BA1A-3E1C420B0F57}.Debug-TestScript|x86.Build.0 = Debug|Any CPU
		{DEC01693-A38A-4E18-BA1A-3E1C420B0F57}.Release|Any CPU.ActiveCfg = Release|Any CPU
		{DEC01693-A38A-4E18-BA1A-3E1C420B0F57}.Release|Any CPU.Build.0 = Release|Any CPU
		{DEC01693-A38A-4E18-BA1A-3E1C420B0F57}.Release|Mixed Platforms.ActiveCfg = Release|Any CPU
		{DEC01693-A38A-4E18-BA1A-3E1C420B0F57}.Release|Mixed Platforms.Build.0 = Release|Any CPU
		{DEC01693-A38A-4E18-BA1A-3E1C420B0F57}.Release|Win32.ActiveCfg = Release|Any CPU
		{DEC01693-A38A-4E18-BA1A-3E1C420B0F57}.Release|Win32.Build.0 = Release|Any CPU
		{DEC01693-A38A-4E18-BA1A-3E1C420B0F57}.Release|x86.ActiveCfg = Release|Any CPU
		{DEC01693-A38A-4E18-BA1A-3E1C420B0F57}.Release|x86.Build.0 = Release|Any CPU
		{40AB6318-AE57-451C-91FF-4EB3D7E861C2}.Debug|Any CPU.ActiveCfg = Debug|Any CPU
		{40AB6318-AE57-451C-91FF-4EB3D7E861C2}.Debug|Any CPU.Build.0 = Debug|Any CPU
		{40AB6318-AE57-451C-91FF-4EB3D7E861C2}.Debug|Mixed Platforms.ActiveCfg = Debug|Any CPU
		{40AB6318-AE57-451C-91FF-4EB3D7E861C2}.Debug|Mixed Platforms.Build.0 = Debug|Any CPU
		{40AB6318-AE57-451C-91FF-4EB3D7E861C2}.Debug|Win32.ActiveCfg = Debug|Any CPU
		{40AB6318-AE57-451C-91FF-4EB3D7E861C2}.Debug|Win32.Build.0 = Debug|Any CPU
		{40AB6318-AE57-451C-91FF-4EB3D7E861C2}.Debug|x86.ActiveCfg = Debug|Any CPU
		{40AB6318-AE57-451C-91FF-4EB3D7E861C2}.Debug|x86.Build.0 = Debug|Any CPU
		{40AB6318-AE57-451C-91FF-4EB3D7E861C2}.Debug-TestScript|Any CPU.ActiveCfg = Debug|Any CPU
		{40AB6318-AE57-451C-91FF-4EB3D7E861C2}.Debug-TestScript|Any CPU.Build.0 = Debug|Any CPU
		{40AB6318-AE57-451C-91FF-4EB3D7E861C2}.Debug-TestScript|Mixed Platforms.ActiveCfg = Debug|Any CPU
		{40AB6318-AE57-451C-91FF-4EB3D7E861C2}.Debug-TestScript|Mixed Platforms.Build.0 = Debug|Any CPU
		{40AB6318-AE57-451C-91FF-4EB3D7E861C2}.Debug-TestScript|Win32.ActiveCfg = Debug|Any CPU
		{40AB6318-AE57-451C-91FF-4EB3D7E861C2}.Debug-TestScript|Win32.Build.0 = Debug|Any CPU
		{40AB6318-AE57-451C-91FF-4EB3D7E861C2}.Debug-TestScript|x86.ActiveCfg = Debug|Any CPU
		{40AB6318-AE57-451C-91FF-4EB3D7E861C2}.Debug-TestScript|x86.Build.0 = Debug|Any CPU
		{40AB6318-AE57-451C-91FF-4EB3D7E861C2}.Release|Any CPU.ActiveCfg = Release|Any CPU
		{40AB6318-AE57-451C-91FF-4EB3D7E861C2}.Release|Any CPU.Build.0 = Release|Any CPU
		{40AB6318-AE57-451C-91FF-4EB3D7E861C2}.Release|Mixed Platforms.ActiveCfg = Release|Any CPU
		{40AB6318-AE57-451C-91FF-4EB3D7E861C2}.Release|Mixed Platforms.Build.0 = Release|Any CPU
		{40AB6318-AE57-451C-91FF-4EB3D7E861C2}.Release|Win32.ActiveCfg = Release|Any CPU
		{40AB6318-AE57-451C-91FF-4EB3D7E861C2}.Release|Win32.Build.0 = Release|Any CPU
		{40AB6318-AE57-451C-91FF-4EB3D7E861C2}.Release|x86.ActiveCfg = Release|Any CPU
		{40AB6318-AE57-451C-91FF-4EB3D7E861C2}.Release|x86.Build.0 = Release|Any CPU
		{40667D01-C27E-4711-9CF3-5975D715A9FF}.Debug|Any CPU.ActiveCfg = Debug|Any CPU
		{40667D01-C27E-4711-9CF3-5975D715A9FF}.Debug|Any CPU.Build.0 = Debug|Any CPU
		{40667D01-C27E-4711-9CF3-5975D715A9FF}.Debug|Mixed Platforms.ActiveCfg = Debug|Any CPU
		{40667D01-C27E-4711-9CF3-5975D715A9FF}.Debug|Mixed Platforms.Build.0 = Debug|Any CPU
		{40667D01-C27E-4711-9CF3-5975D715A9FF}.Debug|Win32.ActiveCfg = Debug|Any CPU
		{40667D01-C27E-4711-9CF3-5975D715A9FF}.Debug|Win32.Build.0 = Debug|Any CPU
		{40667D01-C27E-4711-9CF3-5975D715A9FF}.Debug|x86.ActiveCfg = Debug|Any CPU
		{40667D01-C27E-4711-9CF3-5975D715A9FF}.Debug|x86.Build.0 = Debug|Any CPU
		{40667D01-C27E-4711-9CF3-5975D715A9FF}.Debug-TestScript|Any CPU.ActiveCfg = Debug|Any CPU
		{40667D01-C27E-4711-9CF3-5975D715A9FF}.Debug-TestScript|Any CPU.Build.0 = Debug|Any CPU
		{40667D01-C27E-4711-9CF3-5975D715A9FF}.Debug-TestScript|Mixed Platforms.ActiveCfg = Debug|Any CPU
		{40667D01-C27E-4711-9CF3-5975D715A9FF}.Debug-TestScript|Mixed Platforms.Build.0 = Debug|Any CPU
		{40667D01-C27E-4711-9CF3-5975D715A9FF}.Debug-TestScript|Win32.ActiveCfg = Debug|Any CPU
		{40667D01-C27E-4711-9CF3-5975D715A9FF}.Debug-TestScript|Win32.Build.0 = Debug|Any CPU
		{40667D01-C27E-4711-9CF3-5975D715A9FF}.Debug-TestScript|x86.ActiveCfg = Debug|Any CPU
		{40667D01-C27E-4711-9CF3-5975D715A9FF}.Debug-TestScript|x86.Build.0 = Debug|Any CPU
		{40667D01-C27E-4711-9CF3-5975D715A9FF}.Release|Any CPU.ActiveCfg = Release|Any CPU
		{40667D01-C27E-4711-9CF3-5975D715A9FF}.Release|Any CPU.Build.0 = Release|Any CPU
		{40667D01-C27E-4711-9CF3-5975D715A9FF}.Release|Mixed Platforms.ActiveCfg = Release|Any CPU
		{40667D01-C27E-4711-9CF3-5975D715A9FF}.Release|Mixed Platforms.Build.0 = Release|Any CPU
		{40667D01-C27E-4711-9CF3-5975D715A9FF}.Release|Win32.ActiveCfg = Release|Any CPU
		{40667D01-C27E-4711-9CF3-5975D715A9FF}.Release|Win32.Build.0 = Release|Any CPU
		{40667D01-C27E-4711-9CF3-5975D715A9FF}.Release|x86.ActiveCfg = Release|Any CPU
		{40667D01-C27E-4711-9CF3-5975D715A9FF}.Release|x86.Build.0 = Release|Any CPU
		{428554BD-D592-49D1-B136-CC0464011BEE}.Debug|Any CPU.ActiveCfg = Debug|Any CPU
		{428554BD-D592-49D1-B136-CC0464011BEE}.Debug|Any CPU.Build.0 = Debug|Any CPU
		{428554BD-D592-49D1-B136-CC0464011BEE}.Debug|Mixed Platforms.ActiveCfg = Debug|Any CPU
		{428554BD-D592-49D1-B136-CC0464011BEE}.Debug|Mixed Platforms.Build.0 = Debug|Any CPU
		{428554BD-D592-49D1-B136-CC0464011BEE}.Debug|Win32.ActiveCfg = Debug|Any CPU
		{428554BD-D592-49D1-B136-CC0464011BEE}.Debug|Win32.Build.0 = Debug|Any CPU
		{428554BD-D592-49D1-B136-CC0464011BEE}.Debug|x86.ActiveCfg = Debug|Any CPU
		{428554BD-D592-49D1-B136-CC0464011BEE}.Debug|x86.Build.0 = Debug|Any CPU
		{428554BD-D592-49D1-B136-CC0464011BEE}.Debug-TestScript|Any CPU.ActiveCfg = Debug|Any CPU
		{428554BD-D592-49D1-B136-CC0464011BEE}.Debug-TestScript|Any CPU.Build.0 = Debug|Any CPU
		{428554BD-D592-49D1-B136-CC0464011BEE}.Debug-TestScript|Mixed Platforms.ActiveCfg = Debug|Any CPU
		{428554BD-D592-49D1-B136-CC0464011BEE}.Debug-TestScript|Mixed Platforms.Build.0 = Debug|Any CPU
		{428554BD-D592-49D1-B136-CC0464011BEE}.Debug-TestScript|Win32.ActiveCfg = Debug|Any CPU
		{428554BD-D592-49D1-B136-CC0464011BEE}.Debug-TestScript|Win32.Build.0 = Debug|Any CPU
		{428554BD-D592-49D1-B136-CC0464011BEE}.Debug-TestScript|x86.ActiveCfg = Debug|Any CPU
		{428554BD-D592-49D1-B136-CC0464011BEE}.Debug-TestScript|x86.Build.0 = Debug|Any CPU
		{428554BD-D592-49D1-B136-CC0464011BEE}.Release|Any CPU.ActiveCfg = Release|Any CPU
		{428554BD-D592-49D1-B136-CC0464011BEE}.Release|Any CPU.Build.0 = Release|Any CPU
		{428554BD-D592-49D1-B136-CC0464011BEE}.Release|Mixed Platforms.ActiveCfg = Release|Any CPU
		{428554BD-D592-49D1-B136-CC0464011BEE}.Release|Mixed Platforms.Build.0 = Release|Any CPU
		{428554BD-D592-49D1-B136-CC0464011BEE}.Release|Win32.ActiveCfg = Release|Any CPU
		{428554BD-D592-49D1-B136-CC0464011BEE}.Release|Win32.Build.0 = Release|Any CPU
		{428554BD-D592-49D1-B136-CC0464011BEE}.Release|x86.ActiveCfg = Release|Any CPU
		{428554BD-D592-49D1-B136-CC0464011BEE}.Release|x86.Build.0 = Release|Any CPU
	EndGlobalSection
	GlobalSection(SolutionProperties) = preSolution
		HideSolutionNode = FALSE
	EndGlobalSection
EndGlobal
